
Microsoft Visual Studio Solution File, Format Version 12.00
# Visual Studio 14
VisualStudioVersion = 14.0.25420.1
MinimumVisualStudioVersion = 10.0.40219.1
Project("{FAE04EC0-301F-11D3-BF4B-00C04F79EFBC}") = "LandManager", "LandManager\LandManager\LandManager.csproj", "{C83B758D-4560-472E-9C89-B2811E5E6ED6}"
EndProject
Project("{FAE04EC0-301F-11D3-BF4B-00C04F79EFBC}") = "LandManager.Droid", "LandManager\LandManager.Droid\LandManager.Droid.csproj", "{BB98F63D-D815-496A-813D-A94A9A614BE8}"
EndProject
Project("{FAE04EC0-301F-11D3-BF4B-00C04F79EFBC}") = "LandManager.iOS", "LandManager\LandManager.iOS\LandManager.iOS.csproj", "{4166C683-054B-4F2C-A0C6-BB82BADEB7F7}"
EndProject
Project("{FAE04EC0-301F-11D3-BF4B-00C04F79EFBC}") = "LandManager.WinPhone", "LandManager\LandManager.WinPhone\LandManager.WinPhone.csproj", "{638CCBF6-45EE-4302-ACE8-162EB2D163FD}"
EndProject
Project("{FAE04EC0-301F-11D3-BF4B-00C04F79EFBC}") = "LandManager.UWP", "LandManager\LandManager.UWP\LandManager.UWP.csproj", "{736BC747-78DF-4B27-A4C2-DB344F8C7A4E}"
EndProject
Global
	GlobalSection(SolutionConfigurationPlatforms) = preSolution
		Ad-Hoc|Any CPU = Ad-Hoc|Any CPU
		Ad-Hoc|ARM = Ad-Hoc|ARM
		Ad-Hoc|iPhone = Ad-Hoc|iPhone
		Ad-Hoc|iPhoneSimulator = Ad-Hoc|iPhoneSimulator
		Ad-Hoc|x64 = Ad-Hoc|x64
		Ad-Hoc|x86 = Ad-Hoc|x86
		AppStore|Any CPU = AppStore|Any CPU
		AppStore|ARM = AppStore|ARM
		AppStore|iPhone = AppStore|iPhone
		AppStore|iPhoneSimulator = AppStore|iPhoneSimulator
		AppStore|x64 = AppStore|x64
		AppStore|x86 = AppStore|x86
		Debug|Any CPU = Debug|Any CPU
		Debug|ARM = Debug|ARM
		Debug|iPhone = Debug|iPhone
		Debug|iPhoneSimulator = Debug|iPhoneSimulator
		Debug|x64 = Debug|x64
		Debug|x86 = Debug|x86
		Release|Any CPU = Release|Any CPU
		Release|ARM = Release|ARM
		Release|iPhone = Release|iPhone
		Release|iPhoneSimulator = Release|iPhoneSimulator
		Release|x64 = Release|x64
		Release|x86 = Release|x86
	EndGlobalSection
	GlobalSection(ProjectConfigurationPlatforms) = postSolution
		{C83B758D-4560-472E-9C89-B2811E5E6ED6}.Ad-Hoc|Any CPU.ActiveCfg = Release|Any CPU
		{C83B758D-4560-472E-9C89-B2811E5E6ED6}.Ad-Hoc|Any CPU.Build.0 = Release|Any CPU
		{C83B758D-4560-472E-9C89-B2811E5E6ED6}.Ad-Hoc|ARM.ActiveCfg = Release|Any CPU
		{C83B758D-4560-472E-9C89-B2811E5E6ED6}.Ad-Hoc|ARM.Build.0 = Release|Any CPU
		{C83B758D-4560-472E-9C89-B2811E5E6ED6}.Ad-Hoc|iPhone.ActiveCfg = Release|Any CPU
		{C83B758D-4560-472E-9C89-B2811E5E6ED6}.Ad-Hoc|iPhone.Build.0 = Release|Any CPU
		{C83B758D-4560-472E-9C89-B2811E5E6ED6}.Ad-Hoc|iPhoneSimulator.ActiveCfg = Release|Any CPU
		{C83B758D-4560-472E-9C89-B2811E5E6ED6}.Ad-Hoc|iPhoneSimulator.Build.0 = Release|Any CPU
		{C83B758D-4560-472E-9C89-B2811E5E6ED6}.Ad-Hoc|x64.ActiveCfg = Release|Any CPU
		{C83B758D-4560-472E-9C89-B2811E5E6ED6}.Ad-Hoc|x64.Build.0 = Release|Any CPU
		{C83B758D-4560-472E-9C89-B2811E5E6ED6}.Ad-Hoc|x86.ActiveCfg = Release|Any CPU
		{C83B758D-4560-472E-9C89-B2811E5E6ED6}.Ad-Hoc|x86.Build.0 = Release|Any CPU
		{C83B758D-4560-472E-9C89-B2811E5E6ED6}.AppStore|Any CPU.ActiveCfg = Release|Any CPU
		{C83B758D-4560-472E-9C89-B2811E5E6ED6}.AppStore|Any CPU.Build.0 = Release|Any CPU
		{C83B758D-4560-472E-9C89-B2811E5E6ED6}.AppStore|ARM.ActiveCfg = Release|Any CPU
		{C83B758D-4560-472E-9C89-B2811E5E6ED6}.AppStore|ARM.Build.0 = Release|Any CPU
		{C83B758D-4560-472E-9C89-B2811E5E6ED6}.AppStore|iPhone.ActiveCfg = Release|Any CPU
		{C83B758D-4560-472E-9C89-B2811E5E6ED6}.AppStore|iPhone.Build.0 = Release|Any CPU
		{C83B758D-4560-472E-9C89-B2811E5E6ED6}.AppStore|iPhoneSimulator.ActiveCfg = Release|Any CPU
		{C83B758D-4560-472E-9C89-B2811E5E6ED6}.AppStore|iPhoneSimulator.Build.0 = Release|Any CPU
		{C83B758D-4560-472E-9C89-B2811E5E6ED6}.AppStore|x64.ActiveCfg = Release|Any CPU
		{C83B758D-4560-472E-9C89-B2811E5E6ED6}.AppStore|x64.Build.0 = Release|Any CPU
		{C83B758D-4560-472E-9C89-B2811E5E6ED6}.AppStore|x86.ActiveCfg = Release|Any CPU
		{C83B758D-4560-472E-9C89-B2811E5E6ED6}.AppStore|x86.Build.0 = Release|Any CPU
		{C83B758D-4560-472E-9C89-B2811E5E6ED6}.Debug|Any CPU.ActiveCfg = Debug|Any CPU
		{C83B758D-4560-472E-9C89-B2811E5E6ED6}.Debug|Any CPU.Build.0 = Debug|Any CPU
		{C83B758D-4560-472E-9C89-B2811E5E6ED6}.Debug|ARM.ActiveCfg = Debug|Any CPU
		{C83B758D-4560-472E-9C89-B2811E5E6ED6}.Debug|ARM.Build.0 = Debug|Any CPU
		{C83B758D-4560-472E-9C89-B2811E5E6ED6}.Debug|iPhone.ActiveCfg = Debug|Any CPU
		{C83B758D-4560-472E-9C89-B2811E5E6ED6}.Debug|iPhone.Build.0 = Debug|Any CPU
		{C83B758D-4560-472E-9C89-B2811E5E6ED6}.Debug|iPhoneSimulator.ActiveCfg = Debug|Any CPU
		{C83B758D-4560-472E-9C89-B2811E5E6ED6}.Debug|iPhoneSimulator.Build.0 = Debug|Any CPU
		{C83B758D-4560-472E-9C89-B2811E5E6ED6}.Debug|x64.ActiveCfg = Debug|Any CPU
		{C83B758D-4560-472E-9C89-B2811E5E6ED6}.Debug|x64.Build.0 = Debug|Any CPU
		{C83B758D-4560-472E-9C89-B2811E5E6ED6}.Debug|x86.ActiveCfg = Debug|Any CPU
		{C83B758D-4560-472E-9C89-B2811E5E6ED6}.Debug|x86.Build.0 = Debug|Any CPU
		{C83B758D-4560-472E-9C89-B2811E5E6ED6}.Release|Any CPU.ActiveCfg = Release|Any CPU
		{C83B758D-4560-472E-9C89-B2811E5E6ED6}.Release|Any CPU.Build.0 = Release|Any CPU
		{C83B758D-4560-472E-9C89-B2811E5E6ED6}.Release|ARM.ActiveCfg = Release|Any CPU
		{C83B758D-4560-472E-9C89-B2811E5E6ED6}.Release|ARM.Build.0 = Release|Any CPU
		{C83B758D-4560-472E-9C89-B2811E5E6ED6}.Release|iPhone.ActiveCfg = Release|Any CPU
		{C83B758D-4560-472E-9C89-B2811E5E6ED6}.Release|iPhone.Build.0 = Release|Any CPU
		{C83B758D-4560-472E-9C89-B2811E5E6ED6}.Release|iPhoneSimulator.ActiveCfg = Release|Any CPU
		{C83B758D-4560-472E-9C89-B2811E5E6ED6}.Release|iPhoneSimulator.Build.0 = Release|Any CPU
		{C83B758D-4560-472E-9C89-B2811E5E6ED6}.Release|x64.ActiveCfg = Release|Any CPU
		{C83B758D-4560-472E-9C89-B2811E5E6ED6}.Release|x64.Build.0 = Release|Any CPU
		{C83B758D-4560-472E-9C89-B2811E5E6ED6}.Release|x86.ActiveCfg = Release|Any CPU
		{C83B758D-4560-472E-9C89-B2811E5E6ED6}.Release|x86.Build.0 = Release|Any CPU
		{BB98F63D-D815-496A-813D-A94A9A614BE8}.Ad-Hoc|Any CPU.ActiveCfg = Release|Any CPU
		{BB98F63D-D815-496A-813D-A94A9A614BE8}.Ad-Hoc|Any CPU.Build.0 = Release|Any CPU
		{BB98F63D-D815-496A-813D-A94A9A614BE8}.Ad-Hoc|Any CPU.Deploy.0 = Release|Any CPU
		{BB98F63D-D815-496A-813D-A94A9A614BE8}.Ad-Hoc|ARM.ActiveCfg = Release|Any CPU
		{BB98F63D-D815-496A-813D-A94A9A614BE8}.Ad-Hoc|ARM.Build.0 = Release|Any CPU
		{BB98F63D-D815-496A-813D-A94A9A614BE8}.Ad-Hoc|ARM.Deploy.0 = Release|Any CPU
		{BB98F63D-D815-496A-813D-A94A9A614BE8}.Ad-Hoc|iPhone.ActiveCfg = Release|Any CPU
		{BB98F63D-D815-496A-813D-A94A9A614BE8}.Ad-Hoc|iPhone.Build.0 = Release|Any CPU
		{BB98F63D-D815-496A-813D-A94A9A614BE8}.Ad-Hoc|iPhone.Deploy.0 = Release|Any CPU
		{BB98F63D-D815-496A-813D-A94A9A614BE8}.Ad-Hoc|iPhoneSimulator.ActiveCfg = Release|Any CPU
		{BB98F63D-D815-496A-813D-A94A9A614BE8}.Ad-Hoc|iPhoneSimulator.Build.0 = Release|Any CPU
		{BB98F63D-D815-496A-813D-A94A9A614BE8}.Ad-Hoc|iPhoneSimulator.Deploy.0 = Release|Any CPU
		{BB98F63D-D815-496A-813D-A94A9A614BE8}.Ad-Hoc|x64.ActiveCfg = Release|Any CPU
		{BB98F63D-D815-496A-813D-A94A9A614BE8}.Ad-Hoc|x64.Build.0 = Release|Any CPU
		{BB98F63D-D815-496A-813D-A94A9A614BE8}.Ad-Hoc|x64.Deploy.0 = Release|Any CPU
		{BB98F63D-D815-496A-813D-A94A9A614BE8}.Ad-Hoc|x86.ActiveCfg = Release|Any CPU
		{BB98F63D-D815-496A-813D-A94A9A614BE8}.Ad-Hoc|x86.Build.0 = Release|Any CPU
		{BB98F63D-D815-496A-813D-A94A9A614BE8}.Ad-Hoc|x86.Deploy.0 = Release|Any CPU
		{BB98F63D-D815-496A-813D-A94A9A614BE8}.AppStore|Any CPU.ActiveCfg = Release|Any CPU
		{BB98F63D-D815-496A-813D-A94A9A614BE8}.AppStore|Any CPU.Build.0 = Release|Any CPU
		{BB98F63D-D815-496A-813D-A94A9A614BE8}.AppStore|Any CPU.Deploy.0 = Release|Any CPU
		{BB98F63D-D815-496A-813D-A94A9A614BE8}.AppStore|ARM.ActiveCfg = Release|Any CPU
		{BB98F63D-D815-496A-813D-A94A9A614BE8}.AppStore|ARM.Build.0 = Release|Any CPU
		{BB98F63D-D815-496A-813D-A94A9A614BE8}.AppStore|ARM.Deploy.0 = Release|Any CPU
		{BB98F63D-D815-496A-813D-A94A9A614BE8}.AppStore|iPhone.ActiveCfg = Release|Any CPU
		{BB98F63D-D815-496A-813D-A94A9A614BE8}.AppStore|iPhone.Build.0 = Release|Any CPU
		{BB98F63D-D815-496A-813D-A94A9A614BE8}.AppStore|iPhone.Deploy.0 = Release|Any CPU
		{BB98F63D-D815-496A-813D-A94A9A614BE8}.AppStore|iPhoneSimulator.ActiveCfg = Release|Any CPU
		{BB98F63D-D815-496A-813D-A94A9A614BE8}.AppStore|iPhoneSimulator.Build.0 = Release|Any CPU
		{BB98F63D-D815-496A-813D-A94A9A614BE8}.AppStore|iPhoneSimulator.Deploy.0 = Release|Any CPU
		{BB98F63D-D815-496A-813D-A94A9A614BE8}.AppStore|x64.ActiveCfg = Release|Any CPU
		{BB98F63D-D815-496A-813D-A94A9A614BE8}.AppStore|x64.Build.0 = Release|Any CPU
		{BB98F63D-D815-496A-813D-A94A9A614BE8}.AppStore|x64.Deploy.0 = Release|Any CPU
		{BB98F63D-D815-496A-813D-A94A9A614BE8}.AppStore|x86.ActiveCfg = Release|Any CPU
		{BB98F63D-D815-496A-813D-A94A9A614BE8}.AppStore|x86.Build.0 = Release|Any CPU
		{BB98F63D-D815-496A-813D-A94A9A614BE8}.AppStore|x86.Deploy.0 = Release|Any CPU
		{BB98F63D-D815-496A-813D-A94A9A614BE8}.Debug|Any CPU.ActiveCfg = Debug|Any CPU
		{BB98F63D-D815-496A-813D-A94A9A614BE8}.Debug|Any CPU.Build.0 = Debug|Any CPU
		{BB98F63D-D815-496A-813D-A94A9A614BE8}.Debug|Any CPU.Deploy.0 = Debug|Any CPU
		{BB98F63D-D815-496A-813D-A94A9A614BE8}.Debug|ARM.ActiveCfg = Debug|Any CPU
		{BB98F63D-D815-496A-813D-A94A9A614BE8}.Debug|ARM.Build.0 = Debug|Any CPU
		{BB98F63D-D815-496A-813D-A94A9A614BE8}.Debug|ARM.Deploy.0 = Debug|Any CPU
		{BB98F63D-D815-496A-813D-A94A9A614BE8}.Debug|iPhone.ActiveCfg = Debug|Any CPU
		{BB98F63D-D815-496A-813D-A94A9A614BE8}.Debug|iPhone.Build.0 = Debug|Any CPU
		{BB98F63D-D815-496A-813D-A94A9A614BE8}.Debug|iPhone.Deploy.0 = Debug|Any CPU
		{BB98F63D-D815-496A-813D-A94A9A614BE8}.Debug|iPhoneSimulator.ActiveCfg = Debug|Any CPU
		{BB98F63D-D815-496A-813D-A94A9A614BE8}.Debug|iPhoneSimulator.Build.0 = Debug|Any CPU
		{BB98F63D-D815-496A-813D-A94A9A614BE8}.Debug|iPhoneSimulator.Deploy.0 = Debug|Any CPU
		{BB98F63D-D815-496A-813D-A94A9A614BE8}.Debug|x64.ActiveCfg = Debug|Any CPU
		{BB98F63D-D815-496A-813D-A94A9A614BE8}.Debug|x64.Build.0 = Debug|Any CPU
		{BB98F63D-D815-496A-813D-A94A9A614BE8}.Debug|x64.Deploy.0 = Debug|Any CPU
		{BB98F63D-D815-496A-813D-A94A9A614BE8}.Debug|x86.ActiveCfg = Debug|Any CPU
		{BB98F63D-D815-496A-813D-A94A9A614BE8}.Debug|x86.Build.0 = Debug|Any CPU
		{BB98F63D-D815-496A-813D-A94A9A614BE8}.Debug|x86.Deploy.0 = Debug|Any CPU
		{BB98F63D-D815-496A-813D-A94A9A614BE8}.Release|Any CPU.ActiveCfg = Release|Any CPU
		{BB98F63D-D815-496A-813D-A94A9A614BE8}.Release|Any CPU.Build.0 = Release|Any CPU
		{BB98F63D-D815-496A-813D-A94A9A614BE8}.Release|Any CPU.Deploy.0 = Release|Any CPU
		{BB98F63D-D815-496A-813D-A94A9A614BE8}.Release|ARM.ActiveCfg = Release|Any CPU
		{BB98F63D-D815-496A-813D-A94A9A614BE8}.Release|ARM.Build.0 = Release|Any CPU
		{BB98F63D-D815-496A-813D-A94A9A614BE8}.Release|ARM.Deploy.0 = Release|Any CPU
		{BB98F63D-D815-496A-813D-A94A9A614BE8}.Release|iPhone.ActiveCfg = Release|Any CPU
		{BB98F63D-D815-496A-813D-A94A9A614BE8}.Release|iPhone.Build.0 = Release|Any CPU
		{BB98F63D-D815-496A-813D-A94A9A614BE8}.Release|iPhone.Deploy.0 = Release|Any CPU
		{BB98F63D-D815-496A-813D-A94A9A614BE8}.Release|iPhoneSimulator.ActiveCfg = Release|Any CPU
		{BB98F63D-D815-496A-813D-A94A9A614BE8}.Release|iPhoneSimulator.Build.0 = Release|Any CPU
		{BB98F63D-D815-496A-813D-A94A9A614BE8}.Release|iPhoneSimulator.Deploy.0 = Release|Any CPU
		{BB98F63D-D815-496A-813D-A94A9A614BE8}.Release|x64.ActiveCfg = Release|Any CPU
		{BB98F63D-D815-496A-813D-A94A9A614BE8}.Release|x64.Build.0 = Release|Any CPU
		{BB98F63D-D815-496A-813D-A94A9A614BE8}.Release|x64.Deploy.0 = Release|Any CPU
		{BB98F63D-D815-496A-813D-A94A9A614BE8}.Release|x86.ActiveCfg = Release|Any CPU
		{BB98F63D-D815-496A-813D-A94A9A614BE8}.Release|x86.Build.0 = Release|Any CPU
		{BB98F63D-D815-496A-813D-A94A9A614BE8}.Release|x86.Deploy.0 = Release|Any CPU
		{4166C683-054B-4F2C-A0C6-BB82BADEB7F7}.Ad-Hoc|Any CPU.ActiveCfg = Ad-Hoc|iPhone
		{4166C683-054B-4F2C-A0C6-BB82BADEB7F7}.Ad-Hoc|ARM.ActiveCfg = Ad-Hoc|iPhone
		{4166C683-054B-4F2C-A0C6-BB82BADEB7F7}.Ad-Hoc|iPhone.ActiveCfg = Ad-Hoc|iPhone
		{4166C683-054B-4F2C-A0C6-BB82BADEB7F7}.Ad-Hoc|iPhone.Build.0 = Ad-Hoc|iPhone
		{4166C683-054B-4F2C-A0C6-BB82BADEB7F7}.Ad-Hoc|iPhoneSimulator.ActiveCfg = Ad-Hoc|iPhoneSimulator
		{4166C683-054B-4F2C-A0C6-BB82BADEB7F7}.Ad-Hoc|iPhoneSimulator.Build.0 = Ad-Hoc|iPhoneSimulator
		{4166C683-054B-4F2C-A0C6-BB82BADEB7F7}.Ad-Hoc|x64.ActiveCfg = Ad-Hoc|iPhone
		{4166C683-054B-4F2C-A0C6-BB82BADEB7F7}.Ad-Hoc|x86.ActiveCfg = Ad-Hoc|iPhone
		{4166C683-054B-4F2C-A0C6-BB82BADEB7F7}.AppStore|Any CPU.ActiveCfg = AppStore|iPhone
		{4166C683-054B-4F2C-A0C6-BB82BADEB7F7}.AppStore|ARM.ActiveCfg = AppStore|iPhone
		{4166C683-054B-4F2C-A0C6-BB82BADEB7F7}.AppStore|iPhone.ActiveCfg = AppStore|iPhone
		{4166C683-054B-4F2C-A0C6-BB82BADEB7F7}.AppStore|iPhone.Build.0 = AppStore|iPhone
		{4166C683-054B-4F2C-A0C6-BB82BADEB7F7}.AppStore|iPhoneSimulator.ActiveCfg = AppStore|iPhoneSimulator
		{4166C683-054B-4F2C-A0C6-BB82BADEB7F7}.AppStore|iPhoneSimulator.Build.0 = AppStore|iPhoneSimulator
		{4166C683-054B-4F2C-A0C6-BB82BADEB7F7}.AppStore|x64.ActiveCfg = AppStore|iPhone
		{4166C683-054B-4F2C-A0C6-BB82BADEB7F7}.AppStore|x86.ActiveCfg = AppStore|iPhone
		{4166C683-054B-4F2C-A0C6-BB82BADEB7F7}.Debug|Any CPU.ActiveCfg = Debug|iPhone
		{4166C683-054B-4F2C-A0C6-BB82BADEB7F7}.Debug|ARM.ActiveCfg = Debug|iPhone
		{4166C683-054B-4F2C-A0C6-BB82BADEB7F7}.Debug|iPhone.ActiveCfg = Debug|iPhone
		{4166C683-054B-4F2C-A0C6-BB82BADEB7F7}.Debug|iPhone.Build.0 = Debug|iPhone
		{4166C683-054B-4F2C-A0C6-BB82BADEB7F7}.Debug|iPhoneSimulator.ActiveCfg = Debug|iPhoneSimulator
		{4166C683-054B-4F2C-A0C6-BB82BADEB7F7}.Debug|iPhoneSimulator.Build.0 = Debug|iPhoneSimulator
		{4166C683-054B-4F2C-A0C6-BB82BADEB7F7}.Debug|x64.ActiveCfg = Debug|iPhone
		{4166C683-054B-4F2C-A0C6-BB82BADEB7F7}.Debug|x86.ActiveCfg = Debug|iPhone
		{4166C683-054B-4F2C-A0C6-BB82BADEB7F7}.Release|Any CPU.ActiveCfg = Release|iPhone
		{4166C683-054B-4F2C-A0C6-BB82BADEB7F7}.Release|ARM.ActiveCfg = Release|iPhone
		{4166C683-054B-4F2C-A0C6-BB82BADEB7F7}.Release|iPhone.ActiveCfg = Release|iPhone
		{4166C683-054B-4F2C-A0C6-BB82BADEB7F7}.Release|iPhone.Build.0 = Release|iPhone
		{4166C683-054B-4F2C-A0C6-BB82BADEB7F7}.Release|iPhoneSimulator.ActiveCfg = Release|iPhoneSimulator
		{4166C683-054B-4F2C-A0C6-BB82BADEB7F7}.Release|iPhoneSimulator.Build.0 = Release|iPhoneSimulator
		{4166C683-054B-4F2C-A0C6-BB82BADEB7F7}.Release|x64.ActiveCfg = Release|iPhone
		{4166C683-054B-4F2C-A0C6-BB82BADEB7F7}.Release|x86.ActiveCfg = Release|iPhone
		{638CCBF6-45EE-4302-ACE8-162EB2D163FD}.Ad-Hoc|Any CPU.ActiveCfg = Release|Any CPU
		{638CCBF6-45EE-4302-ACE8-162EB2D163FD}.Ad-Hoc|Any CPU.Build.0 = Release|Any CPU
		{638CCBF6-45EE-4302-ACE8-162EB2D163FD}.Ad-Hoc|Any CPU.Deploy.0 = Release|Any CPU
		{638CCBF6-45EE-4302-ACE8-162EB2D163FD}.Ad-Hoc|ARM.ActiveCfg = Release|ARM
		{638CCBF6-45EE-4302-ACE8-162EB2D163FD}.Ad-Hoc|ARM.Build.0 = Release|ARM
		{638CCBF6-45EE-4302-ACE8-162EB2D163FD}.Ad-Hoc|ARM.Deploy.0 = Release|ARM
		{638CCBF6-45EE-4302-ACE8-162EB2D163FD}.Ad-Hoc|iPhone.ActiveCfg = Release|Any CPU
		{638CCBF6-45EE-4302-ACE8-162EB2D163FD}.Ad-Hoc|iPhone.Build.0 = Release|Any CPU
		{638CCBF6-45EE-4302-ACE8-162EB2D163FD}.Ad-Hoc|iPhone.Deploy.0 = Release|Any CPU
		{638CCBF6-45EE-4302-ACE8-162EB2D163FD}.Ad-Hoc|iPhoneSimulator.ActiveCfg = Release|Any CPU
		{638CCBF6-45EE-4302-ACE8-162EB2D163FD}.Ad-Hoc|iPhoneSimulator.Build.0 = Release|Any CPU
		{638CCBF6-45EE-4302-ACE8-162EB2D163FD}.Ad-Hoc|iPhoneSimulator.Deploy.0 = Release|Any CPU
		{638CCBF6-45EE-4302-ACE8-162EB2D163FD}.Ad-Hoc|x64.ActiveCfg = Release|Any CPU
		{638CCBF6-45EE-4302-ACE8-162EB2D163FD}.Ad-Hoc|x64.Build.0 = Release|Any CPU
		{638CCBF6-45EE-4302-ACE8-162EB2D163FD}.Ad-Hoc|x64.Deploy.0 = Release|Any CPU
		{638CCBF6-45EE-4302-ACE8-162EB2D163FD}.Ad-Hoc|x86.ActiveCfg = Release|x86
		{638CCBF6-45EE-4302-ACE8-162EB2D163FD}.Ad-Hoc|x86.Build.0 = Release|x86
		{638CCBF6-45EE-4302-ACE8-162EB2D163FD}.Ad-Hoc|x86.Deploy.0 = Release|x86
		{638CCBF6-45EE-4302-ACE8-162EB2D163FD}.AppStore|Any CPU.ActiveCfg = Release|Any CPU
		{638CCBF6-45EE-4302-ACE8-162EB2D163FD}.AppStore|Any CPU.Build.0 = Release|Any CPU
		{638CCBF6-45EE-4302-ACE8-162EB2D163FD}.AppStore|Any CPU.Deploy.0 = Release|Any CPU
		{638CCBF6-45EE-4302-ACE8-162EB2D163FD}.AppStore|ARM.ActiveCfg = Release|ARM
		{638CCBF6-45EE-4302-ACE8-162EB2D163FD}.AppStore|ARM.Build.0 = Release|ARM
		{638CCBF6-45EE-4302-ACE8-162EB2D163FD}.AppStore|ARM.Deploy.0 = Release|ARM
		{638CCBF6-45EE-4302-ACE8-162EB2D163FD}.AppStore|iPhone.ActiveCfg = Release|Any CPU
		{638CCBF6-45EE-4302-ACE8-162EB2D163FD}.AppStore|iPhone.Build.0 = Release|Any CPU
		{638CCBF6-45EE-4302-ACE8-162EB2D163FD}.AppStore|iPhone.Deploy.0 = Release|Any CPU
		{638CCBF6-45EE-4302-ACE8-162EB2D163FD}.AppStore|iPhoneSimulator.ActiveCfg = Release|Any CPU
		{638CCBF6-45EE-4302-ACE8-162EB2D163FD}.AppStore|iPhoneSimulator.Build.0 = Release|Any CPU
		{638CCBF6-45EE-4302-ACE8-162EB2D163FD}.AppStore|iPhoneSimulator.Deploy.0 = Release|Any CPU
		{638CCBF6-45EE-4302-ACE8-162EB2D163FD}.AppStore|x64.ActiveCfg = Release|Any CPU
		{638CCBF6-45EE-4302-ACE8-162EB2D163FD}.AppStore|x64.Build.0 = Release|Any CPU
		{638CCBF6-45EE-4302-ACE8-162EB2D163FD}.AppStore|x64.Deploy.0 = Release|Any CPU
		{638CCBF6-45EE-4302-ACE8-162EB2D163FD}.AppStore|x86.ActiveCfg = Release|x86
		{638CCBF6-45EE-4302-ACE8-162EB2D163FD}.AppStore|x86.Build.0 = Release|x86
		{638CCBF6-45EE-4302-ACE8-162EB2D163FD}.AppStore|x86.Deploy.0 = Release|x86
		{638CCBF6-45EE-4302-ACE8-162EB2D163FD}.Debug|Any CPU.ActiveCfg = Debug|Any CPU
		{638CCBF6-45EE-4302-ACE8-162EB2D163FD}.Debug|Any CPU.Build.0 = Debug|Any CPU
		{638CCBF6-45EE-4302-ACE8-162EB2D163FD}.Debug|Any CPU.Deploy.0 = Debug|Any CPU
		{638CCBF6-45EE-4302-ACE8-162EB2D163FD}.Debug|ARM.ActiveCfg = Debug|ARM
		{638CCBF6-45EE-4302-ACE8-162EB2D163FD}.Debug|ARM.Build.0 = Debug|ARM
		{638CCBF6-45EE-4302-ACE8-162EB2D163FD}.Debug|ARM.Deploy.0 = Debug|ARM
		{638CCBF6-45EE-4302-ACE8-162EB2D163FD}.Debug|iPhone.ActiveCfg = Debug|Any CPU
		{638CCBF6-45EE-4302-ACE8-162EB2D163FD}.Debug|iPhone.Build.0 = Debug|Any CPU
		{638CCBF6-45EE-4302-ACE8-162EB2D163FD}.Debug|iPhone.Deploy.0 = Debug|Any CPU
		{638CCBF6-45EE-4302-ACE8-162EB2D163FD}.Debug|iPhoneSimulator.ActiveCfg = Debug|Any CPU
		{638CCBF6-45EE-4302-ACE8-162EB2D163FD}.Debug|iPhoneSimulator.Build.0 = Debug|Any CPU
		{638CCBF6-45EE-4302-ACE8-162EB2D163FD}.Debug|iPhoneSimulator.Deploy.0 = Debug|Any CPU
		{638CCBF6-45EE-4302-ACE8-162EB2D163FD}.Debug|x64.ActiveCfg = Debug|Any CPU
		{638CCBF6-45EE-4302-ACE8-162EB2D163FD}.Debug|x64.Build.0 = Debug|Any CPU
		{638CCBF6-45EE-4302-ACE8-162EB2D163FD}.Debug|x64.Deploy.0 = Debug|Any CPU
		{638CCBF6-45EE-4302-ACE8-162EB2D163FD}.Debug|x86.ActiveCfg = Debug|x86
		{638CCBF6-45EE-4302-ACE8-162EB2D163FD}.Debug|x86.Build.0 = Debug|x86
		{638CCBF6-45EE-4302-ACE8-162EB2D163FD}.Debug|x86.Deploy.0 = Debug|x86
		{638CCBF6-45EE-4302-ACE8-162EB2D163FD}.Release|Any CPU.ActiveCfg = Release|Any CPU
		{638CCBF6-45EE-4302-ACE8-162EB2D163FD}.Release|Any CPU.Build.0 = Release|Any CPU
		{638CCBF6-45EE-4302-ACE8-162EB2D163FD}.Release|Any CPU.Deploy.0 = Release|Any CPU
		{638CCBF6-45EE-4302-ACE8-162EB2D163FD}.Release|ARM.ActiveCfg = Release|ARM
		{638CCBF6-45EE-4302-ACE8-162EB2D163FD}.Release|ARM.Build.0 = Release|ARM
		{638CCBF6-45EE-4302-ACE8-162EB2D163FD}.Release|ARM.Deploy.0 = Release|ARM
		{638CCBF6-45EE-4302-ACE8-162EB2D163FD}.Release|iPhone.ActiveCfg = Release|Any CPU
		{638CCBF6-45EE-4302-ACE8-162EB2D163FD}.Release|iPhone.Build.0 = Release|Any CPU
		{638CCBF6-45EE-4302-ACE8-162EB2D163FD}.Release|iPhone.Deploy.0 = Release|Any CPU
		{638CCBF6-45EE-4302-ACE8-162EB2D163FD}.Release|iPhoneSimulator.ActiveCfg = Release|Any CPU
		{638CCBF6-45EE-4302-ACE8-162EB2D163FD}.Release|iPhoneSimulator.Build.0 = Release|Any CPU
		{638CCBF6-45EE-4302-ACE8-162EB2D163FD}.Release|iPhoneSimulator.Deploy.0 = Release|Any CPU
		{638CCBF6-45EE-4302-ACE8-162EB2D163FD}.Release|x64.ActiveCfg = Release|Any CPU
		{638CCBF6-45EE-4302-ACE8-162EB2D163FD}.Release|x64.Build.0 = Release|Any CPU
		{638CCBF6-45EE-4302-ACE8-162EB2D163FD}.Release|x64.Deploy.0 = Release|Any CPU
		{638CCBF6-45EE-4302-ACE8-162EB2D163FD}.Release|x86.ActiveCfg = Release|x86
		{638CCBF6-45EE-4302-ACE8-162EB2D163FD}.Release|x86.Build.0 = Release|x86
		{638CCBF6-45EE-4302-ACE8-162EB2D163FD}.Release|x86.Deploy.0 = Release|x86
		{736BC747-78DF-4B27-A4C2-DB344F8C7A4E}.Ad-Hoc|Any CPU.ActiveCfg = Release|x86
		{736BC747-78DF-4B27-A4C2-DB344F8C7A4E}.Ad-Hoc|Any CPU.Build.0 = Release|x86
		{736BC747-78DF-4B27-A4C2-DB344F8C7A4E}.Ad-Hoc|Any CPU.Deploy.0 = Release|x86
		{736BC747-78DF-4B27-A4C2-DB344F8C7A4E}.Ad-Hoc|ARM.ActiveCfg = Release|ARM
		{736BC747-78DF-4B27-A4C2-DB344F8C7A4E}.Ad-Hoc|ARM.Build.0 = Release|ARM
		{736BC747-78DF-4B27-A4C2-DB344F8C7A4E}.Ad-Hoc|ARM.Deploy.0 = Release|ARM
		{736BC747-78DF-4B27-A4C2-DB344F8C7A4E}.Ad-Hoc|iPhone.ActiveCfg = Release|x86
		{736BC747-78DF-4B27-A4C2-DB344F8C7A4E}.Ad-Hoc|iPhone.Build.0 = Release|x86
		{736BC747-78DF-4B27-A4C2-DB344F8C7A4E}.Ad-Hoc|iPhone.Deploy.0 = Release|x86
		{736BC747-78DF-4B27-A4C2-DB344F8C7A4E}.Ad-Hoc|iPhoneSimulator.ActiveCfg = Release|x86
		{736BC747-78DF-4B27-A4C2-DB344F8C7A4E}.Ad-Hoc|iPhoneSimulator.Build.0 = Release|x86
		{736BC747-78DF-4B27-A4C2-DB344F8C7A4E}.Ad-Hoc|iPhoneSimulator.Deploy.0 = Release|x86
		{736BC747-78DF-4B27-A4C2-DB344F8C7A4E}.Ad-Hoc|x64.ActiveCfg = Release|x64
		{736BC747-78DF-4B27-A4C2-DB344F8C7A4E}.Ad-Hoc|x64.Build.0 = Release|x64
		{736BC747-78DF-4B27-A4C2-DB344F8C7A4E}.Ad-Hoc|x64.Deploy.0 = Release|x64
		{736BC747-78DF-4B27-A4C2-DB344F8C7A4E}.Ad-Hoc|x86.ActiveCfg = Release|x86
		{736BC747-78DF-4B27-A4C2-DB344F8C7A4E}.Ad-Hoc|x86.Build.0 = Release|x86
		{736BC747-78DF-4B27-A4C2-DB344F8C7A4E}.Ad-Hoc|x86.Deploy.0 = Release|x86
		{736BC747-78DF-4B27-A4C2-DB344F8C7A4E}.AppStore|Any CPU.ActiveCfg = Release|x86
		{736BC747-78DF-4B27-A4C2-DB344F8C7A4E}.AppStore|Any CPU.Build.0 = Release|x86
		{736BC747-78DF-4B27-A4C2-DB344F8C7A4E}.AppStore|Any CPU.Deploy.0 = Release|x86
		{736BC747-78DF-4B27-A4C2-DB344F8C7A4E}.AppStore|ARM.ActiveCfg = Release|ARM
		{736BC747-78DF-4B27-A4C2-DB344F8C7A4E}.AppStore|ARM.Build.0 = Release|ARM
		{736BC747-78DF-4B27-A4C2-DB344F8C7A4E}.AppStore|ARM.Deploy.0 = Release|ARM
		{736BC747-78DF-4B27-A4C2-DB344F8C7A4E}.AppStore|iPhone.ActiveCfg = Release|x86
		{736BC747-78DF-4B27-A4C2-DB344F8C7A4E}.AppStore|iPhone.Build.0 = Release|x86
		{736BC747-78DF-4B27-A4C2-DB344F8C7A4E}.AppStore|iPhone.Deploy.0 = Release|x86
		{736BC747-78DF-4B27-A4C2-DB344F8C7A4E}.AppStore|iPhoneSimulator.ActiveCfg = Release|x86
		{736BC747-78DF-4B27-A4C2-DB344F8C7A4E}.AppStore|iPhoneSimulator.Build.0 = Release|x86
		{736BC747-78DF-4B27-A4C2-DB344F8C7A4E}.AppStore|iPhoneSimulator.Deploy.0 = Release|x86
		{736BC747-78DF-4B27-A4C2-DB344F8C7A4E}.AppStore|x64.ActiveCfg = Release|x64
		{736BC747-78DF-4B27-A4C2-DB344F8C7A4E}.AppStore|x64.Build.0 = Release|x64
		{736BC747-78DF-4B27-A4C2-DB344F8C7A4E}.AppStore|x64.Deploy.0 = Release|x64
		{736BC747-78DF-4B27-A4C2-DB344F8C7A4E}.AppStore|x86.ActiveCfg = Release|x86
		{736BC747-78DF-4B27-A4C2-DB344F8C7A4E}.AppStore|x86.Build.0 = Release|x86
		{736BC747-78DF-4B27-A4C2-DB344F8C7A4E}.AppStore|x86.Deploy.0 = Release|x86
		{736BC747-78DF-4B27-A4C2-DB344F8C7A4E}.Debug|Any CPU.ActiveCfg = Debug|x86
		{736BC747-78DF-4B27-A4C2-DB344F8C7A4E}.Debug|ARM.ActiveCfg = Debug|ARM
		{736BC747-78DF-4B27-A4C2-DB344F8C7A4E}.Debug|ARM.Build.0 = Debug|ARM
		{736BC747-78DF-4B27-A4C2-DB344F8C7A4E}.Debug|ARM.Deploy.0 = Debug|ARM
		{736BC747-78DF-4B27-A4C2-DB344F8C7A4E}.Debug|iPhone.ActiveCfg = Debug|x86
		{736BC747-78DF-4B27-A4C2-DB344F8C7A4E}.Debug|iPhoneSimulator.ActiveCfg = Debug|x86
		{736BC747-78DF-4B27-A4C2-DB344F8C7A4E}.Debug|x64.ActiveCfg = Debug|x64
		{736BC747-78DF-4B27-A4C2-DB344F8C7A4E}.Debug|x64.Build.0 = Debug|x64
		{736BC747-78DF-4B27-A4C2-DB344F8C7A4E}.Debug|x64.Deploy.0 = Debug|x64
		{736BC747-78DF-4B27-A4C2-DB344F8C7A4E}.Debug|x86.ActiveCfg = Debug|x86
		{736BC747-78DF-4B27-A4C2-DB344F8C7A4E}.Debug|x86.Build.0 = Debug|x86
		{736BC747-78DF-4B27-A4C2-DB344F8C7A4E}.Debug|x86.Deploy.0 = Debug|x86
		{736BC747-78DF-4B27-A4C2-DB344F8C7A4E}.Release|Any CPU.ActiveCfg = Release|x86
		{736BC747-78DF-4B27-A4C2-DB344F8C7A4E}.Release|ARM.ActiveCfg = Release|ARM
		{736BC747-78DF-4B27-A4C2-DB344F8C7A4E}.Release|ARM.Build.0 = Release|ARM
		{736BC747-78DF-4B27-A4C2-DB344F8C7A4E}.Release|ARM.Deploy.0 = Release|ARM
		{736BC747-78DF-4B27-A4C2-DB344F8C7A4E}.Release|iPhone.ActiveCfg = Release|x86
		{736BC747-78DF-4B27-A4C2-DB344F8C7A4E}.Release|iPhoneSimulator.ActiveCfg = Release|x86
		{736BC747-78DF-4B27-A4C2-DB344F8C7A4E}.Release|x64.ActiveCfg = Release|x64
		{736BC747-78DF-4B27-A4C2-DB344F8C7A4E}.Release|x64.Build.0 = Release|x64
		{736BC747-78DF-4B27-A4C2-DB344F8C7A4E}.Release|x64.Deploy.0 = Release|x64
		{736BC747-78DF-4B27-A4C2-DB344F8C7A4E}.Release|x86.ActiveCfg = Release|x86
		{736BC747-78DF-4B27-A4C2-DB344F8C7A4E}.Release|x86.Build.0 = Release|x86
		{736BC747-78DF-4B27-A4C2-DB344F8C7A4E}.Release|x86.Deploy.0 = Release|x86
	EndGlobalSection
	GlobalSection(SolutionProperties) = preSolution
		HideSolutionNode = FALSE
	EndGlobalSection
EndGlobal
